// !$*UTF8*$!
{
	archiveVersion = 1;
	classes = {
	};
	objectVersion = 55;
	objects = {

/* Begin PBXBuildFile section */
		291974DD2886DFB9003DD5C2 /* HomeViewController.swift in Sources */ = {isa = PBXBuildFile; fileRef = 291974DC2886DFB9003DD5C2 /* HomeViewController.swift */; };
		291974DF2886DFD8003DD5C2 /* HomeViewModel.swift in Sources */ = {isa = PBXBuildFile; fileRef = 291974DE2886DFD8003DD5C2 /* HomeViewModel.swift */; };
		291974E22886E082003DD5C2 /* SearchViewController.swift in Sources */ = {isa = PBXBuildFile; fileRef = 291974E12886E082003DD5C2 /* SearchViewController.swift */; };
		291974E52886E139003DD5C2 /* MainTabBarViewController.swift in Sources */ = {isa = PBXBuildFile; fileRef = 291974E42886E139003DD5C2 /* MainTabBarViewController.swift */; };
		291974E92886E347003DD5C2 /* StarkViewController.swift in Sources */ = {isa = PBXBuildFile; fileRef = 291974E82886E347003DD5C2 /* StarkViewController.swift */; };
		291974EB2886EC37003DD5C2 /* MovieCollectionViewCell.swift in Sources */ = {isa = PBXBuildFile; fileRef = 291974EA2886EC37003DD5C2 /* MovieCollectionViewCell.swift */; };
		291974EF288725BE003DD5C2 /* HeaderCollectionReusableView.swift in Sources */ = {isa = PBXBuildFile; fileRef = 291974EE288725BE003DD5C2 /* HeaderCollectionReusableView.swift */; };
		291974F1288765CF003DD5C2 /* Colors.swift in Sources */ = {isa = PBXBuildFile; fileRef = 291974F0288765CF003DD5C2 /* Colors.swift */; };
		291974F428876C9E003DD5C2 /* SDWebImage in Frameworks */ = {isa = PBXBuildFile; productRef = 291974F328876C9E003DD5C2 /* SDWebImage */; };
		291974F628876C9E003DD5C2 /* SDWebImageMapKit in Frameworks */ = {isa = PBXBuildFile; productRef = 291974F528876C9E003DD5C2 /* SDWebImageMapKit */; };
		291974F828876F9F003DD5C2 /* PopularAPI.swift in Sources */ = {isa = PBXBuildFile; fileRef = 291974F728876F9F003DD5C2 /* PopularAPI.swift */; };
		291974FA28877005003DD5C2 /* PopularAPIResponse.swift in Sources */ = {isa = PBXBuildFile; fileRef = 291974F928877005003DD5C2 /* PopularAPIResponse.swift */; };
		291974FD28878692003DD5C2 /* SearchResultsViewController.swift in Sources */ = {isa = PBXBuildFile; fileRef = 291974FC28878692003DD5C2 /* SearchResultsViewController.swift */; };
		29197500288789D4003DD5C2 /* ResultTableViewCell.swift in Sources */ = {isa = PBXBuildFile; fileRef = 291974FF288789D4003DD5C2 /* ResultTableViewCell.swift */; };
		292E1D2228861DC20020EBE3 /* AppDelegate.swift in Sources */ = {isa = PBXBuildFile; fileRef = 292E1D2128861DC20020EBE3 /* AppDelegate.swift */; };
		292E1D2428861DC20020EBE3 /* SceneDelegate.swift in Sources */ = {isa = PBXBuildFile; fileRef = 292E1D2328861DC20020EBE3 /* SceneDelegate.swift */; };
		292E1D2C28861DC20020EBE3 /* StarkMovies.xcdatamodeld in Sources */ = {isa = PBXBuildFile; fileRef = 292E1D2A28861DC20020EBE3 /* StarkMovies.xcdatamodeld */; };
		292E1D2E28861DC30020EBE3 /* Assets.xcassets in Resources */ = {isa = PBXBuildFile; fileRef = 292E1D2D28861DC30020EBE3 /* Assets.xcassets */; };
		292E1D3128861DC30020EBE3 /* LaunchScreen.storyboard in Resources */ = {isa = PBXBuildFile; fileRef = 292E1D2F28861DC30020EBE3 /* LaunchScreen.storyboard */; };
		299E168F2889E1C900632F34 /* StarkKit.swift in Sources */ = {isa = PBXBuildFile; fileRef = 299E168E2889E1C900632F34 /* StarkKit.swift */; };
		29B4F1052888AAED00D851DF /* TrendingAPI.swift in Sources */ = {isa = PBXBuildFile; fileRef = 29B4F1042888AAED00D851DF /* TrendingAPI.swift */; };
		29B4F1072888ABA600D851DF /* API.swift in Sources */ = {isa = PBXBuildFile; fileRef = 29B4F1062888ABA600D851DF /* API.swift */; };
		29B4F1092888AC8D00D851DF /* SearchViewModel.swift in Sources */ = {isa = PBXBuildFile; fileRef = 29B4F1082888AC8D00D851DF /* SearchViewModel.swift */; };
		29B4F10B2888B32800D851DF /* SearchAPI.swift in Sources */ = {isa = PBXBuildFile; fileRef = 29B4F10A2888B32800D851DF /* SearchAPI.swift */; };
		29B4F10D2888B50200D851DF /* SearchResultsViewModel.swift in Sources */ = {isa = PBXBuildFile; fileRef = 29B4F10C2888B50200D851DF /* SearchResultsViewModel.swift */; };
		29B4F1102888C89E00D851DF /* MovieNotFoundTableViewCell.swift in Sources */ = {isa = PBXBuildFile; fileRef = 29B4F10F2888C89E00D851DF /* MovieNotFoundTableViewCell.swift */; };
		29B4F1132888D15700D851DF /* DetailsViewController.swift in Sources */ = {isa = PBXBuildFile; fileRef = 29B4F1122888D15700D851DF /* DetailsViewController.swift */; };
/* End PBXBuildFile section */

/* Begin PBXFileReference section */
		291974DC2886DFB9003DD5C2 /* HomeViewController.swift */ = {isa = PBXFileReference; lastKnownFileType = sourcecode.swift; path = HomeViewController.swift; sourceTree = "<group>"; };
		291974DE2886DFD8003DD5C2 /* HomeViewModel.swift */ = {isa = PBXFileReference; lastKnownFileType = sourcecode.swift; path = HomeViewModel.swift; sourceTree = "<group>"; };
		291974E12886E082003DD5C2 /* SearchViewController.swift */ = {isa = PBXFileReference; lastKnownFileType = sourcecode.swift; path = SearchViewController.swift; sourceTree = "<group>"; };
		291974E42886E139003DD5C2 /* MainTabBarViewController.swift */ = {isa = PBXFileReference; lastKnownFileType = sourcecode.swift; path = MainTabBarViewController.swift; sourceTree = "<group>"; };
		291974E82886E347003DD5C2 /* StarkViewController.swift */ = {isa = PBXFileReference; lastKnownFileType = sourcecode.swift; path = StarkViewController.swift; sourceTree = "<group>"; };
		291974EA2886EC37003DD5C2 /* MovieCollectionViewCell.swift */ = {isa = PBXFileReference; lastKnownFileType = sourcecode.swift; path = MovieCollectionViewCell.swift; sourceTree = "<group>"; };
		291974EE288725BE003DD5C2 /* HeaderCollectionReusableView.swift */ = {isa = PBXFileReference; lastKnownFileType = sourcecode.swift; path = HeaderCollectionReusableView.swift; sourceTree = "<group>"; };
		291974F0288765CF003DD5C2 /* Colors.swift */ = {isa = PBXFileReference; lastKnownFileType = sourcecode.swift; path = Colors.swift; sourceTree = "<group>"; };
		291974F728876F9F003DD5C2 /* PopularAPI.swift */ = {isa = PBXFileReference; lastKnownFileType = sourcecode.swift; path = PopularAPI.swift; sourceTree = "<group>"; };
		291974F928877005003DD5C2 /* PopularAPIResponse.swift */ = {isa = PBXFileReference; lastKnownFileType = sourcecode.swift; path = PopularAPIResponse.swift; sourceTree = "<group>"; };
		291974FC28878692003DD5C2 /* SearchResultsViewController.swift */ = {isa = PBXFileReference; lastKnownFileType = sourcecode.swift; path = SearchResultsViewController.swift; sourceTree = "<group>"; };
		291974FF288789D4003DD5C2 /* ResultTableViewCell.swift */ = {isa = PBXFileReference; lastKnownFileType = sourcecode.swift; path = ResultTableViewCell.swift; sourceTree = "<group>"; };
		292E1D1E28861DC20020EBE3 /* StarkMovies.app */ = {isa = PBXFileReference; explicitFileType = wrapper.application; includeInIndex = 0; path = StarkMovies.app; sourceTree = BUILT_PRODUCTS_DIR; };
		292E1D2128861DC20020EBE3 /* AppDelegate.swift */ = {isa = PBXFileReference; lastKnownFileType = sourcecode.swift; path = AppDelegate.swift; sourceTree = "<group>"; };
		292E1D2328861DC20020EBE3 /* SceneDelegate.swift */ = {isa = PBXFileReference; lastKnownFileType = sourcecode.swift; path = SceneDelegate.swift; sourceTree = "<group>"; };
		292E1D2B28861DC20020EBE3 /* StarkMovies.xcdatamodel */ = {isa = PBXFileReference; lastKnownFileType = wrapper.xcdatamodel; path = StarkMovies.xcdatamodel; sourceTree = "<group>"; };
		292E1D2D28861DC30020EBE3 /* Assets.xcassets */ = {isa = PBXFileReference; lastKnownFileType = folder.assetcatalog; path = Assets.xcassets; sourceTree = "<group>"; };
		292E1D3028861DC30020EBE3 /* Base */ = {isa = PBXFileReference; lastKnownFileType = file.storyboard; name = Base; path = Base.lproj/LaunchScreen.storyboard; sourceTree = "<group>"; };
		292E1D3228861DC30020EBE3 /* Info.plist */ = {isa = PBXFileReference; lastKnownFileType = text.plist.xml; path = Info.plist; sourceTree = "<group>"; };
		299E168E2889E1C900632F34 /* StarkKit.swift */ = {isa = PBXFileReference; lastKnownFileType = sourcecode.swift; path = StarkKit.swift; sourceTree = "<group>"; };
		29B4F1042888AAED00D851DF /* TrendingAPI.swift */ = {isa = PBXFileReference; lastKnownFileType = sourcecode.swift; path = TrendingAPI.swift; sourceTree = "<group>"; };
		29B4F1062888ABA600D851DF /* API.swift */ = {isa = PBXFileReference; lastKnownFileType = sourcecode.swift; path = API.swift; sourceTree = "<group>"; };
		29B4F1082888AC8D00D851DF /* SearchViewModel.swift */ = {isa = PBXFileReference; lastKnownFileType = sourcecode.swift; path = SearchViewModel.swift; sourceTree = "<group>"; };
		29B4F10A2888B32800D851DF /* SearchAPI.swift */ = {isa = PBXFileReference; lastKnownFileType = sourcecode.swift; path = SearchAPI.swift; sourceTree = "<group>"; };
		29B4F10C2888B50200D851DF /* SearchResultsViewModel.swift */ = {isa = PBXFileReference; lastKnownFileType = sourcecode.swift; path = SearchResultsViewModel.swift; sourceTree = "<group>"; };
		29B4F10F2888C89E00D851DF /* MovieNotFoundTableViewCell.swift */ = {isa = PBXFileReference; lastKnownFileType = sourcecode.swift; path = MovieNotFoundTableViewCell.swift; sourceTree = "<group>"; };
		29B4F1122888D15700D851DF /* DetailsViewController.swift */ = {isa = PBXFileReference; lastKnownFileType = sourcecode.swift; path = DetailsViewController.swift; sourceTree = "<group>"; };
/* End PBXFileReference section */

/* Begin PBXFrameworksBuildPhase section */
		292E1D1B28861DC20020EBE3 /* Frameworks */ = {
			isa = PBXFrameworksBuildPhase;
			buildActionMask = 2147483647;
			files = (
				291974F628876C9E003DD5C2 /* SDWebImageMapKit in Frameworks */,
				291974F428876C9E003DD5C2 /* SDWebImage in Frameworks */,
			);
			runOnlyForDeploymentPostprocessing = 0;
		};
/* End PBXFrameworksBuildPhase section */

/* Begin PBXGroup section */
		291974D62886DF20003DD5C2 /* Extensions */ = {
			isa = PBXGroup;
			children = (
				291974E82886E347003DD5C2 /* StarkViewController.swift */,
				291974F0288765CF003DD5C2 /* Colors.swift */,
				29B4F1062888ABA600D851DF /* API.swift */,
				299E168E2889E1C900632F34 /* StarkKit.swift */,
			);
			path = Extensions;
			sourceTree = "<group>";
		};
		291974D72886DF2C003DD5C2 /* Repository */ = {
			isa = PBXGroup;
			children = (
				291974F728876F9F003DD5C2 /* PopularAPI.swift */,
				29B4F1042888AAED00D851DF /* TrendingAPI.swift */,
				29B4F10A2888B32800D851DF /* SearchAPI.swift */,
			);
			path = Repository;
			sourceTree = "<group>";
		};
		291974D82886DF3D003DD5C2 /* Model */ = {
			isa = PBXGroup;
			children = (
				291974F928877005003DD5C2 /* PopularAPIResponse.swift */,
			);
			path = Model;
			sourceTree = "<group>";
		};
		291974D92886DF4A003DD5C2 /* Sections */ = {
			isa = PBXGroup;
			children = (
				291974E32886E11B003DD5C2 /* TabBar */,
				291974DB2886DF91003DD5C2 /* Home */,
				291974E02886E006003DD5C2 /* Search */,
				291974FB2887866F003DD5C2 /* Results */,
				29B4F1112888D13400D851DF /* Details */,
			);
			path = Sections;
			sourceTree = "<group>";
		};
		291974DA2886DF69003DD5C2 /* Views */ = {
			isa = PBXGroup;
			children = (
				291974ED28872594003DD5C2 /* HeaderView */,
				291974EC28872584003DD5C2 /* Movie Cell */,
				291974FE288789B4003DD5C2 /* Result Cell */,
				29B4F10E2888C85F00D851DF /* Not Found Cell */,
			);
			path = Views;
			sourceTree = "<group>";
		};
		291974DB2886DF91003DD5C2 /* Home */ = {
			isa = PBXGroup;
			children = (
				291974DC2886DFB9003DD5C2 /* HomeViewController.swift */,
				291974DE2886DFD8003DD5C2 /* HomeViewModel.swift */,
			);
			path = Home;
			sourceTree = "<group>";
		};
		291974E02886E006003DD5C2 /* Search */ = {
			isa = PBXGroup;
			children = (
				291974E12886E082003DD5C2 /* SearchViewController.swift */,
				29B4F1082888AC8D00D851DF /* SearchViewModel.swift */,
			);
			path = Search;
			sourceTree = "<group>";
		};
		291974E32886E11B003DD5C2 /* TabBar */ = {
			isa = PBXGroup;
			children = (
				291974E42886E139003DD5C2 /* MainTabBarViewController.swift */,
			);
			path = TabBar;
			sourceTree = "<group>";
		};
		291974EC28872584003DD5C2 /* Movie Cell */ = {
			isa = PBXGroup;
			children = (
				291974EA2886EC37003DD5C2 /* MovieCollectionViewCell.swift */,
			);
			path = "Movie Cell";
			sourceTree = "<group>";
		};
		291974ED28872594003DD5C2 /* HeaderView */ = {
			isa = PBXGroup;
			children = (
				291974EE288725BE003DD5C2 /* HeaderCollectionReusableView.swift */,
			);
			path = HeaderView;
			sourceTree = "<group>";
		};
		291974FB2887866F003DD5C2 /* Results */ = {
			isa = PBXGroup;
			children = (
				291974FC28878692003DD5C2 /* SearchResultsViewController.swift */,
				29B4F10C2888B50200D851DF /* SearchResultsViewModel.swift */,
			);
			path = Results;
			sourceTree = "<group>";
		};
		291974FE288789B4003DD5C2 /* Result Cell */ = {
			isa = PBXGroup;
			children = (
				291974FF288789D4003DD5C2 /* ResultTableViewCell.swift */,
			);
			path = "Result Cell";
			sourceTree = "<group>";
		};
		292E1D1528861DC20020EBE3 = {
			isa = PBXGroup;
			children = (
				292E1D2028861DC20020EBE3 /* StarkMovies */,
				292E1D1F28861DC20020EBE3 /* Products */,
			);
			sourceTree = "<group>";
		};
		292E1D1F28861DC20020EBE3 /* Products */ = {
			isa = PBXGroup;
			children = (
				292E1D1E28861DC20020EBE3 /* StarkMovies.app */,
			);
			name = Products;
			sourceTree = "<group>";
		};
		292E1D2028861DC20020EBE3 /* StarkMovies */ = {
			isa = PBXGroup;
			children = (
				291974D62886DF20003DD5C2 /* Extensions */,
				291974D72886DF2C003DD5C2 /* Repository */,
				291974D82886DF3D003DD5C2 /* Model */,
				291974D92886DF4A003DD5C2 /* Sections */,
				291974DA2886DF69003DD5C2 /* Views */,
				292E1D2128861DC20020EBE3 /* AppDelegate.swift */,
				292E1D2328861DC20020EBE3 /* SceneDelegate.swift */,
				292E1D2D28861DC30020EBE3 /* Assets.xcassets */,
				292E1D2F28861DC30020EBE3 /* LaunchScreen.storyboard */,
				292E1D3228861DC30020EBE3 /* Info.plist */,
				292E1D2A28861DC20020EBE3 /* StarkMovies.xcdatamodeld */,
			);
			path = StarkMovies;
			sourceTree = "<group>";
		};
		29B4F10E2888C85F00D851DF /* Not Found Cell */ = {
			isa = PBXGroup;
			children = (
				29B4F10F2888C89E00D851DF /* MovieNotFoundTableViewCell.swift */,
			);
			path = "Not Found Cell";
			sourceTree = "<group>";
		};
		29B4F1112888D13400D851DF /* Details */ = {
			isa = PBXGroup;
			children = (
				29B4F1122888D15700D851DF /* DetailsViewController.swift */,
			);
			path = Details;
			sourceTree = "<group>";
		};
/* End PBXGroup section */

/* Begin PBXNativeTarget section */
		292E1D1D28861DC20020EBE3 /* StarkMovies */ = {
			isa = PBXNativeTarget;
			buildConfigurationList = 292E1D3528861DC30020EBE3 /* Build configuration list for PBXNativeTarget "StarkMovies" */;
			buildPhases = (
				292E1D1A28861DC20020EBE3 /* Sources */,
				292E1D1B28861DC20020EBE3 /* Frameworks */,
				292E1D1C28861DC20020EBE3 /* Resources */,
			);
			buildRules = (
			);
			dependencies = (
			);
			name = StarkMovies;
			packageProductDependencies = (
				291974F328876C9E003DD5C2 /* SDWebImage */,
				291974F528876C9E003DD5C2 /* SDWebImageMapKit */,
			);
			productName = StarkMovies;
			productReference = 292E1D1E28861DC20020EBE3 /* StarkMovies.app */;
			productType = "com.apple.product-type.application";
		};
/* End PBXNativeTarget section */

/* Begin PBXProject section */
		292E1D1628861DC20020EBE3 /* Project object */ = {
			isa = PBXProject;
			attributes = {
				BuildIndependentTargetsInParallel = 1;
				LastSwiftUpdateCheck = 1320;
				LastUpgradeCheck = 1320;
				TargetAttributes = {
					292E1D1D28861DC20020EBE3 = {
						CreatedOnToolsVersion = 13.2.1;
					};
				};
			};
			buildConfigurationList = 292E1D1928861DC20020EBE3 /* Build configuration list for PBXProject "StarkMovies" */;
			compatibilityVersion = "Xcode 13.0";
			developmentRegion = en;
			hasScannedForEncodings = 0;
			knownRegions = (
				en,
				Base,
			);
			mainGroup = 292E1D1528861DC20020EBE3;
			packageReferences = (
				291974F228876C9E003DD5C2 /* XCRemoteSwiftPackageReference "SDWebImage" */,
			);
			productRefGroup = 292E1D1F28861DC20020EBE3 /* Products */;
			projectDirPath = "";
			projectRoot = "";
			targets = (
				292E1D1D28861DC20020EBE3 /* StarkMovies */,
			);
		};
/* End PBXProject section */

/* Begin PBXResourcesBuildPhase section */
		292E1D1C28861DC20020EBE3 /* Resources */ = {
			isa = PBXResourcesBuildPhase;
			buildActionMask = 2147483647;
			files = (
				292E1D3128861DC30020EBE3 /* LaunchScreen.storyboard in Resources */,
				292E1D2E28861DC30020EBE3 /* Assets.xcassets in Resources */,
			);
			runOnlyForDeploymentPostprocessing = 0;
		};
/* End PBXResourcesBuildPhase section */

/* Begin PBXSourcesBuildPhase section */
		292E1D1A28861DC20020EBE3 /* Sources */ = {
			isa = PBXSourcesBuildPhase;
			buildActionMask = 2147483647;
			files = (
				291974DD2886DFB9003DD5C2 /* HomeViewController.swift in Sources */,
				29B4F1052888AAED00D851DF /* TrendingAPI.swift in Sources */,
				291974F1288765CF003DD5C2 /* Colors.swift in Sources */,
				29B4F1132888D15700D851DF /* DetailsViewController.swift in Sources */,
				291974E52886E139003DD5C2 /* MainTabBarViewController.swift in Sources */,
				291974E22886E082003DD5C2 /* SearchViewController.swift in Sources */,
				29B4F10B2888B32800D851DF /* SearchAPI.swift in Sources */,
				291974DF2886DFD8003DD5C2 /* HomeViewModel.swift in Sources */,
				29B4F1092888AC8D00D851DF /* SearchViewModel.swift in Sources */,
				291974FD28878692003DD5C2 /* SearchResultsViewController.swift in Sources */,
				291974E92886E347003DD5C2 /* StarkViewController.swift in Sources */,
				299E168F2889E1C900632F34 /* StarkKit.swift in Sources */,
				292E1D2C28861DC20020EBE3 /* StarkMovies.xcdatamodeld in Sources */,
				291974EB2886EC37003DD5C2 /* MovieCollectionViewCell.swift in Sources */,
				291974F828876F9F003DD5C2 /* PopularAPI.swift in Sources */,
				292E1D2228861DC20020EBE3 /* AppDelegate.swift in Sources */,
				291974FA28877005003DD5C2 /* PopularAPIResponse.swift in Sources */,
				29B4F1102888C89E00D851DF /* MovieNotFoundTableViewCell.swift in Sources */,
				291974EF288725BE003DD5C2 /* HeaderCollectionReusableView.swift in Sources */,
				29197500288789D4003DD5C2 /* ResultTableViewCell.swift in Sources */,
				29B4F1072888ABA600D851DF /* API.swift in Sources */,
				292E1D2428861DC20020EBE3 /* SceneDelegate.swift in Sources */,
				29B4F10D2888B50200D851DF /* SearchResultsViewModel.swift in Sources */,
			);
			runOnlyForDeploymentPostprocessing = 0;
		};
/* End PBXSourcesBuildPhase section */

/* Begin PBXVariantGroup section */
		292E1D2F28861DC30020EBE3 /* LaunchScreen.storyboard */ = {
			isa = PBXVariantGroup;
			children = (
				292E1D3028861DC30020EBE3 /* Base */,
			);
			name = LaunchScreen.storyboard;
			sourceTree = "<group>";
		};
/* End PBXVariantGroup section */

/* Begin XCBuildConfiguration section */
		292E1D3328861DC30020EBE3 /* Debug */ = {
			isa = XCBuildConfiguration;
			buildSettings = {
				ALWAYS_SEARCH_USER_PATHS = NO;
				CLANG_ANALYZER_NONNULL = YES;
				CLANG_ANALYZER_NUMBER_OBJECT_CONVERSION = YES_AGGRESSIVE;
				CLANG_CXX_LANGUAGE_STANDARD = "gnu++17";
				CLANG_CXX_LIBRARY = "libc++";
				CLANG_ENABLE_MODULES = YES;
				CLANG_ENABLE_OBJC_ARC = YES;
				CLANG_ENABLE_OBJC_WEAK = YES;
				CLANG_WARN_BLOCK_CAPTURE_AUTORELEASING = YES;
				CLANG_WARN_BOOL_CONVERSION = YES;
				CLANG_WARN_COMMA = YES;
				CLANG_WARN_CONSTANT_CONVERSION = YES;
				CLANG_WARN_DEPRECATED_OBJC_IMPLEMENTATIONS = YES;
				CLANG_WARN_DIRECT_OBJC_ISA_USAGE = YES_ERROR;
				CLANG_WARN_DOCUMENTATION_COMMENTS = YES;
				CLANG_WARN_EMPTY_BODY = YES;
				CLANG_WARN_ENUM_CONVERSION = YES;
				CLANG_WARN_INFINITE_RECURSION = YES;
				CLANG_WARN_INT_CONVERSION = YES;
				CLANG_WARN_NON_LITERAL_NULL_CONVERSION = YES;
				CLANG_WARN_OBJC_IMPLICIT_RETAIN_SELF = YES;
				CLANG_WARN_OBJC_LITERAL_CONVERSION = YES;
				CLANG_WARN_OBJC_ROOT_CLASS = YES_ERROR;
				CLANG_WARN_QUOTED_INCLUDE_IN_FRAMEWORK_HEADER = YES;
				CLANG_WARN_RANGE_LOOP_ANALYSIS = YES;
				CLANG_WARN_STRICT_PROTOTYPES = YES;
				CLANG_WARN_SUSPICIOUS_MOVE = YES;
				CLANG_WARN_UNGUARDED_AVAILABILITY = YES_AGGRESSIVE;
				CLANG_WARN_UNREACHABLE_CODE = YES;
				CLANG_WARN__DUPLICATE_METHOD_MATCH = YES;
				COPY_PHASE_STRIP = NO;
				DEBUG_INFORMATION_FORMAT = dwarf;
				ENABLE_STRICT_OBJC_MSGSEND = YES;
				ENABLE_TESTABILITY = YES;
				GCC_C_LANGUAGE_STANDARD = gnu11;
				GCC_DYNAMIC_NO_PIC = NO;
				GCC_NO_COMMON_BLOCKS = YES;
				GCC_OPTIMIZATION_LEVEL = 0;
				GCC_PREPROCESSOR_DEFINITIONS = (
					"DEBUG=1",
					"$(inherited)",
				);
				GCC_WARN_64_TO_32_BIT_CONVERSION = YES;
				GCC_WARN_ABOUT_RETURN_TYPE = YES_ERROR;
				GCC_WARN_UNDECLARED_SELECTOR = YES;
				GCC_WARN_UNINITIALIZED_AUTOS = YES_AGGRESSIVE;
				GCC_WARN_UNUSED_FUNCTION = YES;
				GCC_WARN_UNUSED_VARIABLE = YES;
				IPHONEOS_DEPLOYMENT_TARGET = 15.2;
				MTL_ENABLE_DEBUG_INFO = INCLUDE_SOURCE;
				MTL_FAST_MATH = YES;
				ONLY_ACTIVE_ARCH = YES;
				SDKROOT = iphoneos;
				SWIFT_ACTIVE_COMPILATION_CONDITIONS = DEBUG;
				SWIFT_OPTIMIZATION_LEVEL = "-Onone";
			};
			name = Debug;
		};
		292E1D3428861DC30020EBE3 /* Release */ = {
			isa = XCBuildConfiguration;
			buildSettings = {
				ALWAYS_SEARCH_USER_PATHS = NO;
				CLANG_ANALYZER_NONNULL = YES;
				CLANG_ANALYZER_NUMBER_OBJECT_CONVERSION = YES_AGGRESSIVE;
				CLANG_CXX_LANGUAGE_STANDARD = "gnu++17";
				CLANG_CXX_LIBRARY = "libc++";
				CLANG_ENABLE_MODULES = YES;
				CLANG_ENABLE_OBJC_ARC = YES;
				CLANG_ENABLE_OBJC_WEAK = YES;
				CLANG_WARN_BLOCK_CAPTURE_AUTORELEASING = YES;
				CLANG_WARN_BOOL_CONVERSION = YES;
				CLANG_WARN_COMMA = YES;
				CLANG_WARN_CONSTANT_CONVERSION = YES;
				CLANG_WARN_DEPRECATED_OBJC_IMPLEMENTATIONS = YES;
				CLANG_WARN_DIRECT_OBJC_ISA_USAGE = YES_ERROR;
				CLANG_WARN_DOCUMENTATION_COMMENTS = YES;
				CLANG_WARN_EMPTY_BODY = YES;
				CLANG_WARN_ENUM_CONVERSION = YES;
				CLANG_WARN_INFINITE_RECURSION = YES;
				CLANG_WARN_INT_CONVERSION = YES;
				CLANG_WARN_NON_LITERAL_NULL_CONVERSION = YES;
				CLANG_WARN_OBJC_IMPLICIT_RETAIN_SELF = YES;
				CLANG_WARN_OBJC_LITERAL_CONVERSION = YES;
				CLANG_WARN_OBJC_ROOT_CLASS = YES_ERROR;
				CLANG_WARN_QUOTED_INCLUDE_IN_FRAMEWORK_HEADER = YES;
				CLANG_WARN_RANGE_LOOP_ANALYSIS = YES;
				CLANG_WARN_STRICT_PROTOTYPES = YES;
				CLANG_WARN_SUSPICIOUS_MOVE = YES;
				CLANG_WARN_UNGUARDED_AVAILABILITY = YES_AGGRESSIVE;
				CLANG_WARN_UNREACHABLE_CODE = YES;
				CLANG_WARN__DUPLICATE_METHOD_MATCH = YES;
				COPY_PHASE_STRIP = NO;
				DEBUG_INFORMATION_FORMAT = "dwarf-with-dsym";
				ENABLE_NS_ASSERTIONS = NO;
				ENABLE_STRICT_OBJC_MSGSEND = YES;
				GCC_C_LANGUAGE_STANDARD = gnu11;
				GCC_NO_COMMON_BLOCKS = YES;
				GCC_WARN_64_TO_32_BIT_CONVERSION = YES;
				GCC_WARN_ABOUT_RETURN_TYPE = YES_ERROR;
				GCC_WARN_UNDECLARED_SELECTOR = YES;
				GCC_WARN_UNINITIALIZED_AUTOS = YES_AGGRESSIVE;
				GCC_WARN_UNUSED_FUNCTION = YES;
				GCC_WARN_UNUSED_VARIABLE = YES;
				IPHONEOS_DEPLOYMENT_TARGET = 15.2;
				MTL_ENABLE_DEBUG_INFO = NO;
				MTL_FAST_MATH = YES;
				SDKROOT = iphoneos;
				SWIFT_COMPILATION_MODE = wholemodule;
				SWIFT_OPTIMIZATION_LEVEL = "-O";
				VALIDATE_PRODUCT = YES;
			};
			name = Release;
		};
		292E1D3628861DC30020EBE3 /* Debug */ = {
			isa = XCBuildConfiguration;
			buildSettings = {
				ASSETCATALOG_COMPILER_APPICON_NAME = AppIcon;
				ASSETCATALOG_COMPILER_GLOBAL_ACCENT_COLOR_NAME = AccentColor;
				CODE_SIGN_STYLE = Automatic;
				CURRENT_PROJECT_VERSION = 1;
				GENERATE_INFOPLIST_FILE = YES;
				INFOPLIST_FILE = StarkMovies/Info.plist;
				INFOPLIST_KEY_UIApplicationSupportsIndirectInputEvents = YES;
				INFOPLIST_KEY_UILaunchStoryboardName = LaunchScreen;
				INFOPLIST_KEY_UISupportedInterfaceOrientations_iPad = "UIInterfaceOrientationPortrait UIInterfaceOrientationPortraitUpsideDown UIInterfaceOrientationLandscapeLeft UIInterfaceOrientationLandscapeRight";
				INFOPLIST_KEY_UISupportedInterfaceOrientations_iPhone = "UIInterfaceOrientationPortrait UIInterfaceOrientationLandscapeLeft UIInterfaceOrientationLandscapeRight";
				LD_RUNPATH_SEARCH_PATHS = (
					"$(inherited)",
					"@executable_path/Frameworks",
				);
				MARKETING_VERSION = 1.0;
				PRODUCT_BUNDLE_IDENTIFIER = com.eliel.StarkMovies;
				PRODUCT_NAME = "$(TARGET_NAME)";
				SWIFT_EMIT_LOC_STRINGS = YES;
				SWIFT_VERSION = 5.0;
				TARGETED_DEVICE_FAMILY = 1;
			};
			name = Debug;
		};
		292E1D3728861DC30020EBE3 /* Release */ = {
			isa = XCBuildConfiguration;
			buildSettings = {
				ASSETCATALOG_COMPILER_APPICON_NAME = AppIcon;
				ASSETCATALOG_COMPILER_GLOBAL_ACCENT_COLOR_NAME = AccentColor;
				CODE_SIGN_STYLE = Automatic;
				CURRENT_PROJECT_VERSION = 1;
				GENERATE_INFOPLIST_FILE = YES;
				INFOPLIST_FILE = StarkMovies/Info.plist;
				INFOPLIST_KEY_UIApplicationSupportsIndirectInputEvents = YES;
				INFOPLIST_KEY_UILaunchStoryboardName = LaunchScreen;
				INFOPLIST_KEY_UISupportedInterfaceOrientations_iPad = "UIInterfaceOrientationPortrait UIInterfaceOrientationPortraitUpsideDown UIInterfaceOrientationLandscapeLeft UIInterfaceOrientationLandscapeRight";
				INFOPLIST_KEY_UISupportedInterfaceOrientations_iPhone = "UIInterfaceOrientationPortrait UIInterfaceOrientationLandscapeLeft UIInterfaceOrientationLandscapeRight";
				LD_RUNPATH_SEARCH_PATHS = (
					"$(inherited)",
					"@executable_path/Frameworks",
				);
				MARKETING_VERSION = 1.0;
				PRODUCT_BUNDLE_IDENTIFIER = com.eliel.StarkMovies;
				PRODUCT_NAME = "$(TARGET_NAME)";
				SWIFT_EMIT_LOC_STRINGS = YES;
				SWIFT_VERSION = 5.0;
				TARGETED_DEVICE_FAMILY = 1;
			};
			name = Release;
		};
/* End XCBuildConfiguration section */

/* Begin XCConfigurationList section */
		292E1D1928861DC20020EBE3 /* Build configuration list for PBXProject "StarkMovies" */ = {
			isa = XCConfigurationList;
			buildConfigurations = (
				292E1D3328861DC30020EBE3 /* Debug */,
				292E1D3428861DC30020EBE3 /* Release */,
			);
			defaultConfigurationIsVisible = 0;
			defaultConfigurationName = Release;
		};
		292E1D3528861DC30020EBE3 /* Build configuration list for PBXNativeTarget "StarkMovies" */ = {
			isa = XCConfigurationList;
			buildConfigurations = (
				292E1D3628861DC30020EBE3 /* Debug */,
				292E1D3728861DC30020EBE3 /* Release */,
			);
			defaultConfigurationIsVisible = 0;
			defaultConfigurationName = Release;
		};
/* End XCConfigurationList section */

/* Begin XCRemoteSwiftPackageReference section */
		291974F228876C9E003DD5C2 /* XCRemoteSwiftPackageReference "SDWebImage" */ = {
			isa = XCRemoteSwiftPackageReference;
			repositoryURL = "https://github.com/SDWebImage/SDWebImage.git";
			requirement = {
				branch = master;
				kind = branch;
			};
		};
/* End XCRemoteSwiftPackageReference section */

/* Begin XCSwiftPackageProductDependency section */
		291974F328876C9E003DD5C2 /* SDWebImage */ = {
			isa = XCSwiftPackageProductDependency;
			package = 291974F228876C9E003DD5C2 /* XCRemoteSwiftPackageReference "SDWebImage" */;
			productName = SDWebImage;
		};
		291974F528876C9E003DD5C2 /* SDWebImageMapKit */ = {
			isa = XCSwiftPackageProductDependency;
			package = 291974F228876C9E003DD5C2 /* XCRemoteSwiftPackageReference "SDWebImage" */;
			productName = SDWebImageMapKit;
		};
/* End XCSwiftPackageProductDependency section */

/* Begin XCVersionGroup section */
		292E1D2A28861DC20020EBE3 /* StarkMovies.xcdatamodeld */ = {
			isa = XCVersionGroup;
			children = (
				292E1D2B28861DC20020EBE3 /* StarkMovies.xcdatamodel */,
			);
			currentVersion = 292E1D2B28861DC20020EBE3 /* StarkMovies.xcdatamodel */;
			path = StarkMovies.xcdatamodeld;
			sourceTree = "<group>";
			versionGroupType = wrapper.xcdatamodel;
		};
/* End XCVersionGroup section */
	};
	rootObject = 292E1D1628861DC20020EBE3 /* Project object */;
}
