{
  "object": {
    "pins": [
      {
        "package": "SDWebImage",
        "repositoryURL": "https://github.com/SDWebImage/SDWebImage.git",
        "state": {
          "branch": "master",
          "revision": "cc1995b73883a1f97931366879d862c53a32bf82",
          "version": null
        }
      }
    ]
  },
  "version": 1
}
